<?xml version="1.0" encoding="UTF-8"?>
<Scheme
   LastUpgradeVersion = "0730"
   version = "2.0">
   <BuildAction
      parallelizeBuildables = "YES"
      buildImplicitDependencies = "YES">
      <BuildActionEntries>
         <BuildActionEntry
            buildForTesting = "YES"
            buildForRunning = "YES"
            buildForProfiling = "YES"
            buildForArchiving = "YES"
            buildForAnalyzing = "YES">
            <BuildableReference
               BuildableIdentifier = "primary"
               BlueprintIdentifier = "D4BBDC611D45BF1E00C2E915"
               BuildableName = "MoreSensorsWatch.app"
               BlueprintName = "MoreSensorsWatch"
               ReferencedContainer = "container:MoreSensorsExample.xcodeproj">
            </BuildableReference>
         </BuildActionEntry>
         <BuildActionEntry
            buildForTesting = "YES"
            buildForRunning = "YES"
            buildForProfiling = "YES"
            buildForArchiving = "YES"
            buildForAnalyzing = "YES">
            <BuildableReference
               BuildableIdentifier = "primary"
               BlueprintIdentifier = "D48B00B71D41D38F0099D66F"
               BuildableName = "MoreSensorsExample.app"
               BlueprintName = "MoreSensorsExample"
               ReferencedContainer = "container:MoreSensorsExample.xcodeproj">
            </BuildableReference>
         </BuildActionEntry>
         <BuildActionEntry
            buildForTesting = "YES"
            buildForRunning = "YES"
            buildForProfiling = "YES"
            buildForArchiving = "YES"
            buildForAnalyzing = "YES">
            <BuildableReference
               BuildableIdentifier = "primary"
               BlueprintIdentifier = "D4BBDC6D1D45BF1F00C2E915"
               BuildableName = "MoreSensorsWatch Extension.appex"
               BlueprintName = "MoreSensorsWatch Extension"
               ReferencedContainer = "container:MoreSensorsExample.xcodeproj">
            </BuildableReference>
         </BuildActionEntry>
      </BuildActionEntries>
   </BuildAction>
   <TestAction
      buildConfiguration = "Debug"
      selectedDebuggerIdentifier = "Xcode.DebuggerFoundation.Debugger.LLDB"
      selectedLauncherIdentifier = "Xcode.DebuggerFoundation.Launcher.LLDB"
      shouldUseLaunchSchemeArgsEnv = "YES">
      <Testables>
      </Testables>
      <MacroExpansion>
         <BuildableReference
            BuildableIdentifier = "primary"
            BlueprintIdentifier = "D4BBDC611D45BF1E00C2E915"
            BuildableName = "MoreSensorsWatch.app"
            BlueprintName = "MoreSensorsWatch"
            ReferencedContainer = "container:MoreSensorsExample.xcodeproj">
         </BuildableReference>
      </MacroExpansion>
      <AdditionalOptions>
      </AdditionalOptions>
   </TestAction>
   <LaunchAction
      buildConfiguration = "Debug"
      selectedDebuggerIdentifier = "Xcode.DebuggerFoundation.Debugger.LLDB"
      selectedLauncherIdentifier = "Xcode.DebuggerFoundation.Launcher.LLDB"
      launchStyle = "0"
      useCustomWorkingDirectory = "NO"
      ignoresPersistentStateOnLaunch = "NO"
      debugDocumentVersioning = "YES"
      debugServiceExtension = "internal"
      allowLocationSimulation = "YES"
      launchAutomaticallySubstyle = "8"
      notificationPayloadFile = "MoreSensorsWatch Extension/PushNotificationPayload.apns">
      <RemoteRunnable
         runnableDebuggingMode = "2"
         BundleIdentifier = "com.apple.carousel"
         RemotePath = "/MoreSensorsExample">
         <BuildableReference
            BuildableIdentifier = "primary"
            BlueprintIdentifier = "D4BBDC611D45BF1E00C2E915"
            BuildableName = "MoreSensorsWatch.app"
            BlueprintName = "MoreSensorsWatch"
            ReferencedContainer = "container:MoreSensorsExample.xcodeproj">
         </BuildableReference>
      </RemoteRunnable>
      <MacroExpansion>
         <BuildableReference
            BuildableIdentifier = "primary"
            BlueprintIdentifier = "D4BBDC611D45BF1E00C2E915"
            BuildableName = "MoreSensorsWatch.app"
            BlueprintName = "MoreSensorsWatch"
            ReferencedContainer = "container:MoreSensorsExample.xcodeproj">
         </BuildableReference>
      </MacroExpansion>
      <AdditionalOptions>
      </AdditionalOptions>
   </LaunchAction>
   <ProfileAction
      buildConfiguration = "Release"
      shouldUseLaunchSchemeArgsEnv = "YES"
      savedToolIdentifier = ""
      useCustomWorkingDirectory = "NO"
      debugDocumentVersioning = "YES"
      launchAutomaticallySubstyle = "8"
      notificationPayloadFile = "MoreSensorsWatch Extension/PushNotificationPayload.apns">
      <RemoteRunnable
         runnableDebuggingMode = "2"
         BundleIdentifier = "com.apple.carousel"
         RemotePath = "/MoreSensorsExample">
         <BuildableReference
            BuildableIdentifier = "primary"
            BlueprintIdentifier = "D4BBDC611D45BF1E00C2E915"
            BuildableName = "MoreSensorsWatch.app"
            BlueprintName = "MoreSensorsWatch"
            ReferencedContainer = "container:MoreSensorsExample.xcodeproj">
         </BuildableReference>
      </RemoteRunnable>
      <MacroExpansion>
         <BuildableReference
            BuildableIdentifier = "primary"
            BlueprintIdentifier = "D4BBDC611D45BF1E00C2E915"
            BuildableName = "MoreSensorsWatch.app"
            BlueprintName = "MoreSensorsWatch"
            ReferencedContainer = "container:MoreSensorsExample.xcodeproj">
         </BuildableReference>
      </MacroExpansion>
   </ProfileAction>
   <AnalyzeAction
      buildConfiguration = "Debug">
   </AnalyzeAction>
   <ArchiveAction
      buildConfiguration = "Release"
      revealArchiveInOrganizer = "YES">
   </ArchiveAction>
</Scheme>
